PODS:
  - Alamofire (4.9.1)
  - LDATools (0.1.3):
    - Alamofire

DEPENDENCIES:
  - LDATools (from `../`)

SPEC REPOS:
  trunk:
    - Alamofire

EXTERNAL SOURCES:
  LDATools:
    :path: "../"

SPEC CHECKSUMS:
  Alamofire: 85e8a02c69d6020a0d734f6054870d7ecb75cf18
  LDATools: f2f71c72d5354bb6d226786c2bba75dbd75093d1

PODFILE CHECKSUM: 7fb4497e0ebeda9f8e96cec945c1642aec674e91

COCOAPODS: 1.8.4
